// !$*UTF8*$!
{
	archiveVersion = 1;
	classes = {
	};
	objectVersion = 56;
	objects = {

/* Begin PBXBuildFile section */
		5E1213B32A70120900F88C30 /* AlexisWrightCapstoneApp.swift in Sources */ = {isa = PBXBuildFile; fileRef = 5E1213B22A70120900F88C30 /* AlexisWrightCapstoneApp.swift */; };
		5E1213B52A70120900F88C30 /* ScheduleView.swift in Sources */ = {isa = PBXBuildFile; fileRef = 5E1213B42A70120900F88C30 /* ScheduleView.swift */; };
		5E1213B72A70120A00F88C30 /* Assets.xcassets in Resources */ = {isa = PBXBuildFile; fileRef = 5E1213B62A70120A00F88C30 /* Assets.xcassets */; };
		5E1213BA2A70120A00F88C30 /* Preview Assets.xcassets in Resources */ = {isa = PBXBuildFile; fileRef = 5E1213B92A70120A00F88C30 /* Preview Assets.xcassets */; };
		5E586FBF2A8E6AF4000F4858 /* ContentView.swift in Sources */ = {isa = PBXBuildFile; fileRef = 5E586FBE2A8E6AF4000F4858 /* ContentView.swift */; };
		5E586FC12A8E700D000F4858 /* SleepWake.swift in Sources */ = {isa = PBXBuildFile; fileRef = 5E586FC02A8E700D000F4858 /* SleepWake.swift */; };
		5E586FC32A8E8ABC000F4858 /* AlarmManager.swift in Sources */ = {isa = PBXBuildFile; fileRef = 5E586FC22A8E8ABC000F4858 /* AlarmManager.swift */; };
		5E5B89442A716ED200F67FA1 /* TimeView.swift in Sources */ = {isa = PBXBuildFile; fileRef = 5E5B89432A716ED200F67FA1 /* TimeView.swift */; };
		5E9336702A7AB3030061FDBA /* Alarm.swift in Sources */ = {isa = PBXBuildFile; fileRef = 5E93366F2A7AB3030061FDBA /* Alarm.swift */; };
		5EC163882A9CEF8C00843AE8 /* AlarmTimeRemaining.swift in Sources */ = {isa = PBXBuildFile; fileRef = 5EC163872A9CEF8C00843AE8 /* AlarmTimeRemaining.swift */; };
		5ED670D82A8BC6BB002FE077 /* Date.swift in Sources */ = {isa = PBXBuildFile; fileRef = 5ED670D72A8BC6BB002FE077 /* Date.swift */; };
		5ED670DA2A8BCD5F002FE077 /* SetupDate.swift in Sources */ = {isa = PBXBuildFile; fileRef = 5ED670D92A8BCD5F002FE077 /* SetupDate.swift */; };
		5EE4DA562A78068500913EEE /* AlarmView.swift in Sources */ = {isa = PBXBuildFile; fileRef = 5EE4DA552A78068500913EEE /* AlarmView.swift */; };
		5EE4DA582A7806A600913EEE /* Colors.swift in Sources */ = {isa = PBXBuildFile; fileRef = 5EE4DA572A7806A600913EEE /* Colors.swift */; };
/* End PBXBuildFile section */

/* Begin PBXFileReference section */
		5E1213AF2A70120900F88C30 /* AlexisWrightCapstone.app */ = {isa = PBXFileReference; explicitFileType = wrapper.application; includeInIndex = 0; path = AlexisWrightCapstone.app; sourceTree = BUILT_PRODUCTS_DIR; };
		5E1213B22A70120900F88C30 /* AlexisWrightCapstoneApp.swift */ = {isa = PBXFileReference; lastKnownFileType = sourcecode.swift; path = AlexisWrightCapstoneApp.swift; sourceTree = "<group>"; };
		5E1213B42A70120900F88C30 /* ScheduleView.swift */ = {isa = PBXFileReference; lastKnownFileType = sourcecode.swift; path = ScheduleView.swift; sourceTree = "<group>"; };
		5E1213B62A70120A00F88C30 /* Assets.xcassets */ = {isa = PBXFileReference; lastKnownFileType = folder.assetcatalog; path = Assets.xcassets; sourceTree = "<group>"; };
		5E1213B92A70120A00F88C30 /* Preview Assets.xcassets */ = {isa = PBXFileReference; lastKnownFileType = folder.assetcatalog; path = "Preview Assets.xcassets"; sourceTree = "<group>"; };
		5E586FBE2A8E6AF4000F4858 /* ContentView.swift */ = {isa = PBXFileReference; lastKnownFileType = sourcecode.swift; path = ContentView.swift; sourceTree = "<group>"; };
		5E586FC02A8E700D000F4858 /* SleepWake.swift */ = {isa = PBXFileReference; lastKnownFileType = sourcecode.swift; path = SleepWake.swift; sourceTree = "<group>"; };
		5E586FC22A8E8ABC000F4858 /* AlarmManager.swift */ = {isa = PBXFileReference; lastKnownFileType = sourcecode.swift; path = AlarmManager.swift; sourceTree = "<group>"; };
		5E5B89432A716ED200F67FA1 /* TimeView.swift */ = {isa = PBXFileReference; lastKnownFileType = sourcecode.swift; path = TimeView.swift; sourceTree = "<group>"; };
		5E93366F2A7AB3030061FDBA /* Alarm.swift */ = {isa = PBXFileReference; lastKnownFileType = sourcecode.swift; path = Alarm.swift; sourceTree = "<group>"; };
		5EC163872A9CEF8C00843AE8 /* AlarmTimeRemaining.swift */ = {isa = PBXFileReference; lastKnownFileType = sourcecode.swift; path = AlarmTimeRemaining.swift; sourceTree = "<group>"; };
		5ED670D72A8BC6BB002FE077 /* Date.swift */ = {isa = PBXFileReference; lastKnownFileType = sourcecode.swift; path = Date.swift; sourceTree = "<group>"; };
		5ED670D92A8BCD5F002FE077 /* SetupDate.swift */ = {isa = PBXFileReference; lastKnownFileType = sourcecode.swift; path = SetupDate.swift; sourceTree = "<group>"; };
		5EE4DA552A78068500913EEE /* AlarmView.swift */ = {isa = PBXFileReference; lastKnownFileType = sourcecode.swift; path = AlarmView.swift; sourceTree = "<group>"; };
		5EE4DA572A7806A600913EEE /* Colors.swift */ = {isa = PBXFileReference; lastKnownFileType = sourcecode.swift; path = Colors.swift; sourceTree = "<group>"; };
/* End PBXFileReference section */

/* Begin PBXFrameworksBuildPhase section */
		5E1213AC2A70120900F88C30 /* Frameworks */ = {
			isa = PBXFrameworksBuildPhase;
			buildActionMask = 2147483647;
			files = (
			);
			runOnlyForDeploymentPostprocessing = 0;
		};
/* End PBXFrameworksBuildPhase section */

/* Begin PBXGroup section */
		5E1213A62A70120900F88C30 = {
			isa = PBXGroup;
			children = (
				5E1213B12A70120900F88C30 /* AlexisWrightCapstone */,
				5E1213B02A70120900F88C30 /* Products */,
			);
			sourceTree = "<group>";
		};
		5E1213B02A70120900F88C30 /* Products */ = {
			isa = PBXGroup;
			children = (
				5E1213AF2A70120900F88C30 /* AlexisWrightCapstone.app */,
			);
			name = Products;
			sourceTree = "<group>";
		};
		5E1213B12A70120900F88C30 /* AlexisWrightCapstone */ = {
			isa = PBXGroup;
			children = (
				5E1213B22A70120900F88C30 /* AlexisWrightCapstoneApp.swift */,
				5E5B89472A716EFF00F67FA1 /* Models */,
				5E5B89452A716EE700F67FA1 /* Views */,
				5E1213B62A70120A00F88C30 /* Assets.xcassets */,
				5E1213B82A70120A00F88C30 /* Preview Content */,
			);
			path = AlexisWrightCapstone;
			sourceTree = "<group>";
		};
		5E1213B82A70120A00F88C30 /* Preview Content */ = {
			isa = PBXGroup;
			children = (
				5E1213B92A70120A00F88C30 /* Preview Assets.xcassets */,
			);
			path = "Preview Content";
			sourceTree = "<group>";
		};
		5E5B89452A716EE700F67FA1 /* Views */ = {
			isa = PBXGroup;
			children = (
				5E586FBE2A8E6AF4000F4858 /* ContentView.swift */,
				5E1213B42A70120900F88C30 /* ScheduleView.swift */,
				5E5B89432A716ED200F67FA1 /* TimeView.swift */,
				5EE4DA552A78068500913EEE /* AlarmView.swift */,
			);
			path = Views;
			sourceTree = "<group>";
		};
		5E5B89472A716EFF00F67FA1 /* Models */ = {
			isa = PBXGroup;
			children = (
				5EE4DA572A7806A600913EEE /* Colors.swift */,
				5E93366F2A7AB3030061FDBA /* Alarm.swift */,
				5E586FC22A8E8ABC000F4858 /* AlarmManager.swift */,
				5ED670D72A8BC6BB002FE077 /* Date.swift */,
				5ED670D92A8BCD5F002FE077 /* SetupDate.swift */,
				5EC163872A9CEF8C00843AE8 /* AlarmTimeRemaining.swift */,
				5E586FC02A8E700D000F4858 /* SleepWake.swift */,
			);
			path = Models;
			sourceTree = "<group>";
		};
/* End PBXGroup section */

/* Begin PBXNativeTarget section */
		5E1213AE2A70120900F88C30 /* AlexisWrightCapstone */ = {
			isa = PBXNativeTarget;
			buildConfigurationList = 5E1213BD2A70120A00F88C30 /* Build configuration list for PBXNativeTarget "AlexisWrightCapstone" */;
			buildPhases = (
				5E1213AB2A70120900F88C30 /* Sources */,
				5E1213AC2A70120900F88C30 /* Frameworks */,
				5E1213AD2A70120900F88C30 /* Resources */,
			);
			buildRules = (
			);
			dependencies = (
			);
			name = AlexisWrightCapstone;
			productName = AlexisWrightCapstone;
			productReference = 5E1213AF2A70120900F88C30 /* AlexisWrightCapstone.app */;
			productType = "com.apple.product-type.application";
		};
/* End PBXNativeTarget section */

/* Begin PBXProject section */
		5E1213A72A70120900F88C30 /* Project object */ = {
			isa = PBXProject;
			attributes = {
				BuildIndependentTargetsInParallel = 1;
				LastSwiftUpdateCheck = 1430;
				LastUpgradeCheck = 1430;
				TargetAttributes = {
					5E1213AE2A70120900F88C30 = {
						CreatedOnToolsVersion = 14.3.1;
					};
				};
			};
			buildConfigurationList = 5E1213AA2A70120900F88C30 /* Build configuration list for PBXProject "AlexisWrightCapstone" */;
			compatibilityVersion = "Xcode 14.0";
			developmentRegion = en;
			hasScannedForEncodings = 0;
			knownRegions = (
				en,
				Base,
			);
			mainGroup = 5E1213A62A70120900F88C30;
			productRefGroup = 5E1213B02A70120900F88C30 /* Products */;
			projectDirPath = "";
			projectRoot = "";
			targets = (
				5E1213AE2A70120900F88C30 /* AlexisWrightCapstone */,
			);
		};
/* End PBXProject section */

/* Begin PBXResourcesBuildPhase section */
		5E1213AD2A70120900F88C30 /* Resources */ = {
			isa = PBXResourcesBuildPhase;
			buildActionMask = 2147483647;
			files = (
				5E1213BA2A70120A00F88C30 /* Preview Assets.xcassets in Resources */,
				5E1213B72A70120A00F88C30 /* Assets.xcassets in Resources */,
			);
			runOnlyForDeploymentPostprocessing = 0;
		};
/* End PBXResourcesBuildPhase section */

/* Begin PBXSourcesBuildPhase section */
		5E1213AB2A70120900F88C30 /* Sources */ = {
			isa = PBXSourcesBuildPhase;
			buildActionMask = 2147483647;
			files = (
				5E1213B52A70120900F88C30 /* ScheduleView.swift in Sources */,
				5ED670DA2A8BCD5F002FE077 /* SetupDate.swift in Sources */,
				5EE4DA582A7806A600913EEE /* Colors.swift in Sources */,
				5ED670D82A8BC6BB002FE077 /* Date.swift in Sources */,
				5E1213B32A70120900F88C30 /* AlexisWrightCapstoneApp.swift in Sources */,
				5E586FC12A8E700D000F4858 /* SleepWake.swift in Sources */,
				5E586FBF2A8E6AF4000F4858 /* ContentView.swift in Sources */,
				5EE4DA562A78068500913EEE /* AlarmView.swift in Sources */,
				5E5B89442A716ED200F67FA1 /* TimeView.swift in Sources */,
				5E586FC32A8E8ABC000F4858 /* AlarmManager.swift in Sources */,
				5E9336702A7AB3030061FDBA /* Alarm.swift in Sources */,
				5EC163882A9CEF8C00843AE8 /* AlarmTimeRemaining.swift in Sources */,
			);
			runOnlyForDeploymentPostprocessing = 0;
		};
/* End PBXSourcesBuildPhase section */

/* Begin XCBuildConfiguration section */
		5E1213BB2A70120A00F88C30 /* Debug */ = {
			isa = XCBuildConfiguration;
			buildSettings = {
				ALWAYS_SEARCH_USER_PATHS = NO;
				CLANG_ANALYZER_NONNULL = YES;
				CLANG_ANALYZER_NUMBER_OBJECT_CONVERSION = YES_AGGRESSIVE;
				CLANG_CXX_LANGUAGE_STANDARD = "gnu++20";
				CLANG_ENABLE_MODULES = YES;
				CLANG_ENABLE_OBJC_ARC = YES;
				CLANG_ENABLE_OBJC_WEAK = YES;
				CLANG_WARN_BLOCK_CAPTURE_AUTORELEASING = YES;
				CLANG_WARN_BOOL_CONVERSION = YES;
				CLANG_WARN_COMMA = YES;
				CLANG_WARN_CONSTANT_CONVERSION = YES;
				CLANG_WARN_DEPRECATED_OBJC_IMPLEMENTATIONS = YES;
				CLANG_WARN_DIRECT_OBJC_ISA_USAGE = YES_ERROR;
				CLANG_WARN_DOCUMENTATION_COMMENTS = YES;
				CLANG_WARN_EMPTY_BODY = YES;
				CLANG_WARN_ENUM_CONVERSION = YES;
				CLANG_WARN_INFINITE_RECURSION = YES;
				CLANG_WARN_INT_CONVERSION = YES;
				CLANG_WARN_NON_LITERAL_NULL_CONVERSION = YES;
				CLANG_WARN_OBJC_IMPLICIT_RETAIN_SELF = YES;
				CLANG_WARN_OBJC_LITERAL_CONVERSION = YES;
				CLANG_WARN_OBJC_ROOT_CLASS = YES_ERROR;
				CLANG_WARN_QUOTED_INCLUDE_IN_FRAMEWORK_HEADER = YES;
				CLANG_WARN_RANGE_LOOP_ANALYSIS = YES;
				CLANG_WARN_STRICT_PROTOTYPES = YES;
				CLANG_WARN_SUSPICIOUS_MOVE = YES;
				CLANG_WARN_UNGUARDED_AVAILABILITY = YES_AGGRESSIVE;
				CLANG_WARN_UNREACHABLE_CODE = YES;
				CLANG_WARN__DUPLICATE_METHOD_MATCH = YES;
				COPY_PHASE_STRIP = NO;
				DEBUG_INFORMATION_FORMAT = dwarf;
				ENABLE_STRICT_OBJC_MSGSEND = YES;
				ENABLE_TESTABILITY = YES;
				GCC_C_LANGUAGE_STANDARD = gnu11;
				GCC_DYNAMIC_NO_PIC = NO;
				GCC_NO_COMMON_BLOCKS = YES;
				GCC_OPTIMIZATION_LEVEL = 0;
				GCC_PREPROCESSOR_DEFINITIONS = (
					"DEBUG=1",
					"$(inherited)",
				);
				GCC_WARN_64_TO_32_BIT_CONVERSION = YES;
				GCC_WARN_ABOUT_RETURN_TYPE = YES_ERROR;
				GCC_WARN_UNDECLARED_SELECTOR = YES;
				GCC_WARN_UNINITIALIZED_AUTOS = YES_AGGRESSIVE;
				GCC_WARN_UNUSED_FUNCTION = YES;
				GCC_WARN_UNUSED_VARIABLE = YES;
				IPHONEOS_DEPLOYMENT_TARGET = 16.4;
				MTL_ENABLE_DEBUG_INFO = INCLUDE_SOURCE;
				MTL_FAST_MATH = YES;
				ONLY_ACTIVE_ARCH = YES;
				SDKROOT = iphoneos;
				SWIFT_ACTIVE_COMPILATION_CONDITIONS = DEBUG;
				SWIFT_OPTIMIZATION_LEVEL = "-Onone";
			};
			name = Debug;
		};
		5E1213BC2A70120A00F88C30 /* Release */ = {
			isa = XCBuildConfiguration;
			buildSettings = {
				ALWAYS_SEARCH_USER_PATHS = NO;
				CLANG_ANALYZER_NONNULL = YES;
				CLANG_ANALYZER_NUMBER_OBJECT_CONVERSION = YES_AGGRESSIVE;
				CLANG_CXX_LANGUAGE_STANDARD = "gnu++20";
				CLANG_ENABLE_MODULES = YES;
				CLANG_ENABLE_OBJC_ARC = YES;
				CLANG_ENABLE_OBJC_WEAK = YES;
				CLANG_WARN_BLOCK_CAPTURE_AUTORELEASING = YES;
				CLANG_WARN_BOOL_CONVERSION = YES;
				CLANG_WARN_COMMA = YES;
				CLANG_WARN_CONSTANT_CONVERSION = YES;
				CLANG_WARN_DEPRECATED_OBJC_IMPLEMENTATIONS = YES;
				CLANG_WARN_DIRECT_OBJC_ISA_USAGE = YES_ERROR;
				CLANG_WARN_DOCUMENTATION_COMMENTS = YES;
				CLANG_WARN_EMPTY_BODY = YES;
				CLANG_WARN_ENUM_CONVERSION = YES;
				CLANG_WARN_INFINITE_RECURSION = YES;
				CLANG_WARN_INT_CONVERSION = YES;
				CLANG_WARN_NON_LITERAL_NULL_CONVERSION = YES;
				CLANG_WARN_OBJC_IMPLICIT_RETAIN_SELF = YES;
				CLANG_WARN_OBJC_LITERAL_CONVERSION = YES;
				CLANG_WARN_OBJC_ROOT_CLASS = YES_ERROR;
				CLANG_WARN_QUOTED_INCLUDE_IN_FRAMEWORK_HEADER = YES;
				CLANG_WARN_RANGE_LOOP_ANALYSIS = YES;
				CLANG_WARN_STRICT_PROTOTYPES = YES;
				CLANG_WARN_SUSPICIOUS_MOVE = YES;
				CLANG_WARN_UNGUARDED_AVAILABILITY = YES_AGGRESSIVE;
				CLANG_WARN_UNREACHABLE_CODE = YES;
				CLANG_WARN__DUPLICATE_METHOD_MATCH = YES;
				COPY_PHASE_STRIP = NO;
				DEBUG_INFORMATION_FORMAT = "dwarf-with-dsym";
				ENABLE_NS_ASSERTIONS = NO;
				ENABLE_STRICT_OBJC_MSGSEND = YES;
				GCC_C_LANGUAGE_STANDARD = gnu11;
				GCC_NO_COMMON_BLOCKS = YES;
				GCC_WARN_64_TO_32_BIT_CONVERSION = YES;
				GCC_WARN_ABOUT_RETURN_TYPE = YES_ERROR;
				GCC_WARN_UNDECLARED_SELECTOR = YES;
				GCC_WARN_UNINITIALIZED_AUTOS = YES_AGGRESSIVE;
				GCC_WARN_UNUSED_FUNCTION = YES;
				GCC_WARN_UNUSED_VARIABLE = YES;
				IPHONEOS_DEPLOYMENT_TARGET = 16.4;
				MTL_ENABLE_DEBUG_INFO = NO;
				MTL_FAST_MATH = YES;
				SDKROOT = iphoneos;
				SWIFT_COMPILATION_MODE = wholemodule;
				SWIFT_OPTIMIZATION_LEVEL = "-O";
				VALIDATE_PRODUCT = YES;
			};
			name = Release;
		};
		5E1213BE2A70120A00F88C30 /* Debug */ = {
			isa = XCBuildConfiguration;
			buildSettings = {
				ASSETCATALOG_COMPILER_APPICON_NAME = AppIcon;
				ASSETCATALOG_COMPILER_GLOBAL_ACCENT_COLOR_NAME = AccentColor;
				CODE_SIGN_STYLE = Automatic;
				CURRENT_PROJECT_VERSION = 1;
				DEVELOPMENT_ASSET_PATHS = "\"AlexisWrightCapstone/Preview Content\"";
				ENABLE_PREVIEWS = YES;
				GENERATE_INFOPLIST_FILE = YES;
				INFOPLIST_KEY_UIApplicationSceneManifest_Generation = YES;
				INFOPLIST_KEY_UIApplicationSupportsIndirectInputEvents = YES;
				INFOPLIST_KEY_UILaunchScreen_Generation = YES;
				INFOPLIST_KEY_UISupportedInterfaceOrientations_iPad = "UIInterfaceOrientationPortrait UIInterfaceOrientationPortraitUpsideDown UIInterfaceOrientationLandscapeLeft UIInterfaceOrientationLandscapeRight";
				INFOPLIST_KEY_UISupportedInterfaceOrientations_iPhone = "UIInterfaceOrientationPortrait UIInterfaceOrientationLandscapeLeft UIInterfaceOrientationLandscapeRight";
				LD_RUNPATH_SEARCH_PATHS = (
					"$(inherited)",
					"@executable_path/Frameworks",
				);
				MARKETING_VERSION = 1.0;
				PRODUCT_BUNDLE_IDENTIFIER = alexisgenieve.AlexisWrightCapstone;
				PRODUCT_NAME = "$(TARGET_NAME)";
				SWIFT_EMIT_LOC_STRINGS = YES;
				SWIFT_VERSION = 5.0;
				TARGETED_DEVICE_FAMILY = "1,2";
			};
			name = Debug;
		};
		5E1213BF2A70120A00F88C30 /* Release */ = {
			isa = XCBuildConfiguration;
			buildSettings = {
				ASSETCATALOG_COMPILER_APPICON_NAME = AppIcon;
				ASSETCATALOG_COMPILER_GLOBAL_ACCENT_COLOR_NAME = AccentColor;
				CODE_SIGN_STYLE = Automatic;
				CURRENT_PROJECT_VERSION = 1;
				DEVELOPMENT_ASSET_PATHS = "\"AlexisWrightCapstone/Preview Content\"";
				ENABLE_PREVIEWS = YES;
				GENERATE_INFOPLIST_FILE = YES;
				INFOPLIST_KEY_UIApplicationSceneManifest_Generation = YES;
				INFOPLIST_KEY_UIApplicationSupportsIndirectInputEvents = YES;
				INFOPLIST_KEY_UILaunchScreen_Generation = YES;
				INFOPLIST_KEY_UISupportedInterfaceOrientations_iPad = "UIInterfaceOrientationPortrait UIInterfaceOrientationPortraitUpsideDown UIInterfaceOrientationLandscapeLeft UIInterfaceOrientationLandscapeRight";
				INFOPLIST_KEY_UISupportedInterfaceOrientations_iPhone = "UIInterfaceOrientationPortrait UIInterfaceOrientationLandscapeLeft UIInterfaceOrientationLandscapeRight";
				LD_RUNPATH_SEARCH_PATHS = (
					"$(inherited)",
					"@executable_path/Frameworks",
				);
				MARKETING_VERSION = 1.0;
				PRODUCT_BUNDLE_IDENTIFIER = alexisgenieve.AlexisWrightCapstone;
				PRODUCT_NAME = "$(TARGET_NAME)";
				SWIFT_EMIT_LOC_STRINGS = YES;
				SWIFT_VERSION = 5.0;
				TARGETED_DEVICE_FAMILY = "1,2";
			};
			name = Release;
		};
/* End XCBuildConfiguration section */

/* Begin XCConfigurationList section */
		5E1213AA2A70120900F88C30 /* Build configuration list for PBXProject "AlexisWrightCapstone" */ = {
			isa = XCConfigurationList;
			buildConfigurations = (
				5E1213BB2A70120A00F88C30 /* Debug */,
				5E1213BC2A70120A00F88C30 /* Release */,
			);
			defaultConfigurationIsVisible = 0;
			defaultConfigurationName = Release;
		};
		5E1213BD2A70120A00F88C30 /* Build configuration list for PBXNativeTarget "AlexisWrightCapstone" */ = {
			isa = XCConfigurationList;
			buildConfigurations = (
				5E1213BE2A70120A00F88C30 /* Debug */,
				5E1213BF2A70120A00F88C30 /* Release */,
			);
			defaultConfigurationIsVisible = 0;
			defaultConfigurationName = Release;
		};
/* End XCConfigurationList section */
	};
	rootObject = 5E1213A72A70120900F88C30 /* Project object */;
}
